Microsoft Visual Studio Solution File, Format Version 8.00
Project("{FAE04EC0-301F-11D3-BF4B-00C04F79EFBC}") = "is2maintenance", "http://localhost/is2/is2maintenance/is2maintenance.csproj", "{0001E11B-2654-47B5-BDF7-AB045A6BC58E}"
	ProjectSection(ProjectDependencies) = postProject
	EndProjectSection
EndProject
Global
	GlobalSection(SolutionConfiguration) = preSolution
		Debug = Debug
		Release = Release
	EndGlobalSection
	GlobalSection(ProjectConfiguration) = postSolution
		{0001E11B-2654-47B5-BDF7-AB045A6BC58E}.Debug.ActiveCfg = Debug|.NET
		{0001E11B-2654-47B5-BDF7-AB045A6BC58E}.Debug.Build.0 = Debug|.NET
		{0001E11B-2654-47B5-BDF7-AB045A6BC58E}.Release.ActiveCfg = Release|.NET
		{0001E11B-2654-47B5-BDF7-AB045A6BC58E}.Release.Build.0 = Release|.NET
	EndGlobalSection
	GlobalSection(ExtensibilityGlobals) = postSolution
	EndGlobalSection
	GlobalSection(ExtensibilityAddIns) = postSolution
	EndGlobalSection
EndGlobal
